
Microsoft Visual Studio Solution File, Format Version 12.00
# Visual Studio Version 16
VisualStudioVersion = 16.0.30002.166
MinimumVisualStudioVersion = 10.0.40219.1
Project("{FAE04EC0-301F-11D3-BF4B-00C04F79EFBC}") = "Applications", "Applications\Applications.csproj", "{173F6BA1-079D-4806-9081-E989288E077B}"
EndProject
Global
	GlobalSection(SolutionConfigurationPlatforms) = preSolution
		Debug|Any CPU = Debug|Any CPU
		Release|Any CPU = Release|Any CPU
	EndGlobalSection
	GlobalSection(ProjectConfigurationPlatforms) = postSolution
		{173F6BA1-079D-4806-9081-E989288E077B}.Debug|Any CPU.ActiveCfg = Debug|Any CPU
		{173F6BA1-079D-4806-9081-E989288E077B}.Debug|Any CPU.Build.0 = Debug|Any CPU
		{173F6BA1-079D-4806-9081-E989288E077B}.Release|Any CPU.ActiveCfg = Release|Any CPU
		{173F6BA1-079D-4806-9081-E989288E077B}.Release|Any CPU.Build.0 = Release|Any CPU
	EndGlobalSection
	GlobalSection(SolutionProperties) = preSolution
		HideSolutionNode = FALSE
	EndGlobalSection
	GlobalSection(ExtensibilityGlobals) = postSolution
		SolutionGuid = {D2377BF3-8298-4792-937B-F20D93DAFD4A}
	EndGlobalSection
EndGlobal
